<?xml version="1.0" encoding="utf-8"?>
<Project ToolsVersion="4.0" xmlns="http://schemas.microsoft.com/developer/msbuild/2003">
  <ItemGroup>
    <Filter Include="Components">
      <UniqueIdentifier>{ec275b6d-782d-4af6-8e14-4f6c46960b48}</UniqueIdentifier>
    </Filter>
    <Filter Include="GameObjects">
      <UniqueIdentifier>{17b72799-6f14-4012-b260-7c75fc0f1880}</UniqueIdentifier>
    </Filter>
    <Filter Include="Commands">
      <UniqueIdentifier>{88612c95-edfa-4730-aa1c-8dd0f7f3eefd}</UniqueIdentifier>
    </Filter>
    <Filter Include="Components\UI">
      <UniqueIdentifier>{a7b8df10-7b6d-480d-801a-a012183fd3cf}</UniqueIdentifier>
    </Filter>
    <Filter Include="Components\GameData">
      <UniqueIdentifier>{57cae898-4444-4b4f-94f1-b940eae96f2a}</UniqueIdentifier>
    </Filter>
    <Filter Include="Components\Player">
      <UniqueIdentifier>{f9209d19-c4e8-47c5-b7e2-a2238081f55e}</UniqueIdentifier>
    </Filter>
    <Filter Include="Components\Enemy">
      <UniqueIdentifier>{7641b20a-5616-42c8-af84-881e00247cf2}</UniqueIdentifier>
    </Filter>
    <Filter Include="Components\IceBlocks">
      <UniqueIdentifier>{4e2dc687-43f7-44ce-b336-78a351faa833}</UniqueIdentifier>
    </Filter>
    <Filter Include="Components\GameData\GameStates">
      <UniqueIdentifier>{a229a1f0-1c61-4c05-8d59-483ddc537bc3}</UniqueIdentifier>
    </Filter>
  </ItemGroup>
  <ItemGroup>
    <ClCompile Include="PointComponent.cpp">
      <Filter>Components</Filter>
    </ClCompile>
    <ClCompile Include="CollisionComponent.cpp">
      <Filter>Components</Filter>
    </ClCompile>
    <ClCompile Include="Player.cpp">
      <Filter>GameObjects</Filter>
    </ClCompile>
    <ClCompile Include="Block.cpp">
      <Filter>GameObjects</Filter>
    </ClCompile>
    <ClCompile Include="Game.cpp" />
    <ClCompile Include="MoveCommand.cpp">
      <Filter>Commands</Filter>
    </ClCompile>
    <ClCompile Include="PushCommand.cpp">
      <Filter>Commands</Filter>
    </ClCompile>
    <ClCompile Include="FPSComponent.cpp">
      <Filter>Components\UI</Filter>
    </ClCompile>
    <ClCompile Include="HealthHUD.cpp">
      <Filter>Components\UI</Filter>
    </ClCompile>
    <ClCompile Include="PointsHUD.cpp">
      <Filter>Components\UI</Filter>
    </ClCompile>
    <ClCompile Include="LevelLoader.cpp">
      <Filter>Components\GameData</Filter>
    </ClCompile>
    <ClCompile Include="SnowBee.cpp">
      <Filter>GameObjects</Filter>
    </ClCompile>
    <ClCompile Include="PlayerMovement.cpp">
      <Filter>Components\Player</Filter>
    </ClCompile>
    <ClCompile Include="AIMovement.cpp">
      <Filter>Components\Enemy</Filter>
    </ClCompile>
    <ClCompile Include="EnemySpawner.cpp">
      <Filter>Components\Enemy</Filter>
    </ClCompile>
    <ClCompile Include="PushComponent.cpp">
      <Filter>Components\Player</Filter>
    </ClCompile>
    <ClCompile Include="KillPlayerComponent.cpp">
      <Filter>Components\Enemy</Filter>
    </ClCompile>
    <ClCompile Include="SlidingComponent.cpp">
      <Filter>Components\IceBlocks</Filter>
    </ClCompile>
    <ClCompile Include="IceBlockState.cpp">
      <Filter>Components\IceBlocks</Filter>
    </ClCompile>
    <ClCompile Include="HealthComponent.cpp">
      <Filter>Components\Player</Filter>
    </ClCompile>
    <ClCompile Include="EnemyState.cpp">
      <Filter>Components\Enemy</Filter>
    </ClCompile>
    <ClCompile Include="GameManager.cpp">
      <Filter>Components\GameData</Filter>
    </ClCompile>
    <ClCompile Include="Playing.cpp">
      <Filter>Components\GameData\GameStates</Filter>
    </ClCompile>
    <ClCompile Include="GameState.cpp">
      <Filter>Components\GameData\GameStates</Filter>
    </ClCompile>
  </ItemGroup>
  <ItemGroup>
    <ClInclude Include="CollisionComponent.h">
      <Filter>Components</Filter>
    </ClInclude>
    <ClInclude Include="PointComponent.h">
      <Filter>Components</Filter>
    </ClInclude>
    <ClInclude Include="Block.h">
      <Filter>GameObjects</Filter>
    </ClInclude>
    <ClInclude Include="Player.h">
      <Filter>GameObjects</Filter>
    </ClInclude>
    <ClInclude Include="MoveCommand.h">
      <Filter>Commands</Filter>
    </ClInclude>
    <ClInclude Include="PushCommand.h">
      <Filter>Commands</Filter>
    </ClInclude>
    <ClInclude Include="FPSComponent.h">
      <Filter>Components\UI</Filter>
    </ClInclude>
    <ClInclude Include="HealthHUD.h">
      <Filter>Components\UI</Filter>
    </ClInclude>
    <ClInclude Include="PointsHUD.h">
      <Filter>Components\UI</Filter>
    </ClInclude>
    <ClInclude Include="LevelLoader.h">
      <Filter>Components\GameData</Filter>
    </ClInclude>
    <ClInclude Include="SnowBee.h">
      <Filter>GameObjects</Filter>
    </ClInclude>
    <ClInclude Include="PlayerMovement.h">
      <Filter>Components\Player</Filter>
    </ClInclude>
    <ClInclude Include="AIMovement.h">
      <Filter>Components\Enemy</Filter>
    </ClInclude>
    <ClInclude Include="EnemySpawner.h">
      <Filter>Components\Enemy</Filter>
    </ClInclude>
    <ClInclude Include="PushComponent.h">
      <Filter>Components\Player</Filter>
    </ClInclude>
    <ClInclude Include="KillPlayerComponent.h">
      <Filter>Components\Enemy</Filter>
    </ClInclude>
    <ClInclude Include="SlidingComponent.h">
      <Filter>Components\IceBlocks</Filter>
    </ClInclude>
    <ClInclude Include="IceBlockState.h">
      <Filter>Components\IceBlocks</Filter>
    </ClInclude>
    <ClInclude Include="HealthComponent.h">
      <Filter>Components\Player</Filter>
    </ClInclude>
    <ClInclude Include="EnemyState.h">
      <Filter>Components\Enemy</Filter>
    </ClInclude>
    <ClInclude Include="GameManager.h">
      <Filter>Components\GameData</Filter>
    </ClInclude>
    <ClInclude Include="GameState.h">
      <Filter>Components\GameData\GameStates</Filter>
    </ClInclude>
    <ClInclude Include="Playing.h">
      <Filter>Components\GameData\GameStates</Filter>
    </ClInclude>
  </ItemGroup>
</Project>