<?xml version="1.0" encoding="utf-8"?>
<Project ToolsVersion="4.0" xmlns="http://schemas.microsoft.com/developer/msbuild/2003">
  <ItemGroup>
    <Filter Include="Components">
      <UniqueIdentifier>{ec275b6d-782d-4af6-8e14-4f6c46960b48}</UniqueIdentifier>
    </Filter>
    <Filter Include="GameObjects">
      <UniqueIdentifier>{17b72799-6f14-4012-b260-7c75fc0f1880}</UniqueIdentifier>
    </Filter>
  </ItemGroup>
  <ItemGroup>
    <ClCompile Include="BasicMovement.cpp">
      <Filter>Components</Filter>
    </ClCompile>
    <ClCompile Include="FPSComponent.cpp">
      <Filter>Components</Filter>
    </ClCompile>
    <ClCompile Include="HealthComponent.cpp">
      <Filter>Components</Filter>
    </ClCompile>
    <ClCompile Include="HealthHUD.cpp">
      <Filter>Components</Filter>
    </ClCompile>
    <ClCompile Include="PointComponent.cpp">
      <Filter>Components</Filter>
    </ClCompile>
    <ClCompile Include="PointsHUD.cpp">
      <Filter>Components</Filter>
    </ClCompile>
    <ClCompile Include="CollisionComponent.cpp">
      <Filter>Components</Filter>
    </ClCompile>
    <ClCompile Include="Player.cpp">
      <Filter>GameObjects</Filter>
    </ClCompile>
    <ClCompile Include="Block.cpp">
      <Filter>GameObjects</Filter>
    </ClCompile>
    <ClCompile Include="SlidingComponent.cpp">
      <Filter>Components</Filter>
    </ClCompile>
    <ClCompile Include="PushComponent.cpp">
      <Filter>Components</Filter>
    </ClCompile>
    <ClCompile Include="Game.cpp" />
    <ClCompile Include="IceBlockState.cpp" />
  </ItemGroup>
  <ItemGroup>
    <ClInclude Include="BasicMovement.h">
      <Filter>Components</Filter>
    </ClInclude>
    <ClInclude Include="CollisionComponent.h">
      <Filter>Components</Filter>
    </ClInclude>
    <ClInclude Include="FPSComponent.h">
      <Filter>Components</Filter>
    </ClInclude>
    <ClInclude Include="HealthComponent.h">
      <Filter>Components</Filter>
    </ClInclude>
    <ClInclude Include="HealthHUD.h">
      <Filter>Components</Filter>
    </ClInclude>
    <ClInclude Include="PointComponent.h">
      <Filter>Components</Filter>
    </ClInclude>
    <ClInclude Include="PointsHUD.h">
      <Filter>Components</Filter>
    </ClInclude>
    <ClInclude Include="PushComponent.h">
      <Filter>Components</Filter>
    </ClInclude>
    <ClInclude Include="SlidingComponent.h">
      <Filter>Components</Filter>
    </ClInclude>
    <ClInclude Include="Block.h">
      <Filter>GameObjects</Filter>
    </ClInclude>
    <ClInclude Include="Player.h">
      <Filter>GameObjects</Filter>
    </ClInclude>
    <ClInclude Include="IceBlockState.h" />
  </ItemGroup>
</Project>