<?xml version="1.0" encoding="utf-8"?>
<Project ToolsVersion="4.0" xmlns="http://schemas.microsoft.com/developer/msbuild/2003">
  <ItemGroup>
    <Filter Include="Components">
      <UniqueIdentifier>{20fb894d-a13d-43ea-898a-8c094c47501d}</UniqueIdentifier>
    </Filter>
    <Filter Include="Events">
      <UniqueIdentifier>{0e11de55-cb80-480d-9334-16abda65aced}</UniqueIdentifier>
    </Filter>
    <Filter Include="Input">
      <UniqueIdentifier>{3db26be8-1d1c-4125-a4bb-25508e9ff166}</UniqueIdentifier>
    </Filter>
    <Filter Include="Sound">
      <UniqueIdentifier>{b8d47ab9-94cd-4a08-bead-5f3c26640c46}</UniqueIdentifier>
    </Filter>
    <Filter Include="Scenegraph">
      <UniqueIdentifier>{865c9592-e141-4431-b409-e505f0789813}</UniqueIdentifier>
    </Filter>
    <Filter Include="ResourceManager">
      <UniqueIdentifier>{0b04965f-85f1-45a4-b6eb-b0bdb42b9cb7}</UniqueIdentifier>
    </Filter>
  </ItemGroup>
  <ItemGroup>
    <ClInclude Include="Component.h">
      <Filter>Components</Filter>
    </ClInclude>
    <ClInclude Include="TextRenderComponent.h">
      <Filter>Components</Filter>
    </ClInclude>
    <ClInclude Include="TextureRenderComponent.h">
      <Filter>Components</Filter>
    </ClInclude>
    <ClInclude Include="Observer.h">
      <Filter>Events</Filter>
    </ClInclude>
    <ClInclude Include="Subject.h">
      <Filter>Events</Filter>
    </ClInclude>
    <ClInclude Include="Command.h">
      <Filter>Input</Filter>
    </ClInclude>
    <ClInclude Include="InputDevice.h">
      <Filter>Input</Filter>
    </ClInclude>
    <ClInclude Include="InputManager.h">
      <Filter>Input</Filter>
    </ClInclude>
    <ClInclude Include="Keyboard.h">
      <Filter>Input</Filter>
    </ClInclude>
    <ClInclude Include="XBoxController.h">
      <Filter>Input</Filter>
    </ClInclude>
    <ClInclude Include="LoggingSoundSystem.h">
      <Filter>Sound</Filter>
    </ClInclude>
    <ClInclude Include="SDL_SoundSystem.h">
      <Filter>Sound</Filter>
    </ClInclude>
    <ClInclude Include="SoundSystem.h">
      <Filter>Sound</Filter>
    </ClInclude>
    <ClInclude Include="GameObject.h">
      <Filter>Scenegraph</Filter>
    </ClInclude>
    <ClInclude Include="Scene.h">
      <Filter>Scenegraph</Filter>
    </ClInclude>
    <ClInclude Include="SceneManager.h">
      <Filter>Scenegraph</Filter>
    </ClInclude>
    <ClInclude Include="Texture2D.h">
      <Filter>ResourceManager</Filter>
    </ClInclude>
    <ClInclude Include="ResourceManager.h">
      <Filter>ResourceManager</Filter>
    </ClInclude>
    <ClInclude Include="Font.h">
      <Filter>ResourceManager</Filter>
    </ClInclude>
    <ClInclude Include="Singleton.h" />
    <ClInclude Include="GameServiceLocator.h" />
    <ClInclude Include="Minigin.h" />
    <ClInclude Include="Renderer.h" />
    <ClInclude Include="GameTime.h" />
  </ItemGroup>
  <ItemGroup>
    <ClCompile Include="Component.cpp">
      <Filter>Components</Filter>
    </ClCompile>
    <ClCompile Include="TextRenderComponent.cpp">
      <Filter>Components</Filter>
    </ClCompile>
    <ClCompile Include="TextureRenderComponent.cpp">
      <Filter>Components</Filter>
    </ClCompile>
    <ClCompile Include="Command.cpp">
      <Filter>Input</Filter>
    </ClCompile>
    <ClCompile Include="InputManager.cpp">
      <Filter>Input</Filter>
    </ClCompile>
    <ClCompile Include="Keyboard.cpp">
      <Filter>Input</Filter>
    </ClCompile>
    <ClCompile Include="XBoxController.cpp">
      <Filter>Input</Filter>
    </ClCompile>
    <ClCompile Include="LoggingSoundSystem.cpp">
      <Filter>Sound</Filter>
    </ClCompile>
    <ClCompile Include="SDL_SoundSystem.cpp">
      <Filter>Sound</Filter>
    </ClCompile>
    <ClCompile Include="SoundSystem.cpp">
      <Filter>Sound</Filter>
    </ClCompile>
    <ClCompile Include="Scene.cpp">
      <Filter>Scenegraph</Filter>
    </ClCompile>
    <ClCompile Include="SceneManager.cpp">
      <Filter>Scenegraph</Filter>
    </ClCompile>
    <ClCompile Include="GameObject.cpp">
      <Filter>Scenegraph</Filter>
    </ClCompile>
    <ClCompile Include="ResourceManager.cpp">
      <Filter>ResourceManager</Filter>
    </ClCompile>
    <ClCompile Include="Texture2D.cpp">
      <Filter>ResourceManager</Filter>
    </ClCompile>
    <ClCompile Include="Font.cpp">
      <Filter>ResourceManager</Filter>
    </ClCompile>
    <ClCompile Include="Renderer.cpp" />
    <ClCompile Include="GameServiceLocator.cpp" />
    <ClCompile Include="Minigin.cpp" />
    <ClCompile Include="GameTime.cpp" />
  </ItemGroup>
</Project>